
Microsoft Visual Studio Solution File, Format Version 12.00
# Visual Studio 14
VisualStudioVersion = 14.0.25420.1
MinimumVisualStudioVersion = 10.0.40219.1
Project("{FAE04EC0-301F-11D3-BF4B-00C04F79EFBC}") = "TeduShop.Common", "TeduShop.Common\TeduShop.Common.csproj", "{DA520291-0D32-4E60-8D82-64AF273B4C3A}"
EndProject
Project("{FAE04EC0-301F-11D3-BF4B-00C04F79EFBC}") = "TeduShop.Data", "TeduShop.Data\TeduShop.Data.csproj", "{13BCE11D-DF43-46A3-A3A4-19D03E5A97E0}"
EndProject
Project("{FAE04EC0-301F-11D3-BF4B-00C04F79EFBC}") = "TeduShop.Service", "TeduShop.Service\TeduShop.Service.csproj", "{6E3DF2C6-4F31-4A08-A825-C7A5BBE5D087}"
EndProject
Project("{FAE04EC0-301F-11D3-BF4B-00C04F79EFBC}") = "TeduShop.Model", "TeduShop.Model\TeduShop.Model.csproj", "{BC5E2BDD-D21F-481A-A33D-F4E5533E0847}"
EndProject
Project("{FAE04EC0-301F-11D3-BF4B-00C04F79EFBC}") = "TeduShop.UnitTest", "TeduShop.UnitTest\TeduShop.UnitTest.csproj", "{12FEEFCA-1708-4CD2-9977-AA721679F64B}"
EndProject
Project("{FAE04EC0-301F-11D3-BF4B-00C04F79EFBC}") = "TeduShop.Web", "TeduShop.Web\TeduShop.Web.csproj", "{EB4B6B23-E583-4922-936C-5630750BF3D7}"
EndProject
Global
	GlobalSection(SolutionConfigurationPlatforms) = preSolution
		Debug|Any CPU = Debug|Any CPU
		Release|Any CPU = Release|Any CPU
	EndGlobalSection
	GlobalSection(ProjectConfigurationPlatforms) = postSolution
		{DA520291-0D32-4E60-8D82-64AF273B4C3A}.Debug|Any CPU.ActiveCfg = Debug|Any CPU
		{DA520291-0D32-4E60-8D82-64AF273B4C3A}.Debug|Any CPU.Build.0 = Debug|Any CPU
		{DA520291-0D32-4E60-8D82-64AF273B4C3A}.Release|Any CPU.ActiveCfg = Release|Any CPU
		{DA520291-0D32-4E60-8D82-64AF273B4C3A}.Release|Any CPU.Build.0 = Release|Any CPU
		{13BCE11D-DF43-46A3-A3A4-19D03E5A97E0}.Debug|Any CPU.ActiveCfg = Debug|Any CPU
		{13BCE11D-DF43-46A3-A3A4-19D03E5A97E0}.Debug|Any CPU.Build.0 = Debug|Any CPU
		{13BCE11D-DF43-46A3-A3A4-19D03E5A97E0}.Release|Any CPU.ActiveCfg = Release|Any CPU
		{13BCE11D-DF43-46A3-A3A4-19D03E5A97E0}.Release|Any CPU.Build.0 = Release|Any CPU
		{6E3DF2C6-4F31-4A08-A825-C7A5BBE5D087}.Debug|Any CPU.ActiveCfg = Debug|Any CPU
		{6E3DF2C6-4F31-4A08-A825-C7A5BBE5D087}.Debug|Any CPU.Build.0 = Debug|Any CPU
		{6E3DF2C6-4F31-4A08-A825-C7A5BBE5D087}.Release|Any CPU.ActiveCfg = Release|Any CPU
		{6E3DF2C6-4F31-4A08-A825-C7A5BBE5D087}.Release|Any CPU.Build.0 = Release|Any CPU
		{BC5E2BDD-D21F-481A-A33D-F4E5533E0847}.Debug|Any CPU.ActiveCfg = Debug|Any CPU
		{BC5E2BDD-D21F-481A-A33D-F4E5533E0847}.Debug|Any CPU.Build.0 = Debug|Any CPU
		{BC5E2BDD-D21F-481A-A33D-F4E5533E0847}.Release|Any CPU.ActiveCfg = Release|Any CPU
		{BC5E2BDD-D21F-481A-A33D-F4E5533E0847}.Release|Any CPU.Build.0 = Release|Any CPU
		{12FEEFCA-1708-4CD2-9977-AA721679F64B}.Debug|Any CPU.ActiveCfg = Debug|Any CPU
		{12FEEFCA-1708-4CD2-9977-AA721679F64B}.Debug|Any CPU.Build.0 = Debug|Any CPU
		{12FEEFCA-1708-4CD2-9977-AA721679F64B}.Release|Any CPU.ActiveCfg = Release|Any CPU
		{12FEEFCA-1708-4CD2-9977-AA721679F64B}.Release|Any CPU.Build.0 = Release|Any CPU
		{EB4B6B23-E583-4922-936C-5630750BF3D7}.Debug|Any CPU.ActiveCfg = Debug|Any CPU
		{EB4B6B23-E583-4922-936C-5630750BF3D7}.Debug|Any CPU.Build.0 = Debug|Any CPU
		{EB4B6B23-E583-4922-936C-5630750BF3D7}.Release|Any CPU.ActiveCfg = Release|Any CPU
		{EB4B6B23-E583-4922-936C-5630750BF3D7}.Release|Any CPU.Build.0 = Release|Any CPU
	EndGlobalSection
	GlobalSection(SolutionProperties) = preSolution
		HideSolutionNode = FALSE
	EndGlobalSection
EndGlobal
